// !$*UTF8*$!
{
	archiveVersion = 1;
	classes = {
	};
	objectVersion = 46;
	objects = {

/* Begin PBXBuildFile section */
		5E4EA79B17544B1F00898728 /* UIKit.framework in Frameworks */ = {isa = PBXBuildFile; fileRef = 5E4EA79A17544B1F00898728 /* UIKit.framework */; };
		5E4EA79D17544B1F00898728 /* Foundation.framework in Frameworks */ = {isa = PBXBuildFile; fileRef = 5E4EA79C17544B1F00898728 /* Foundation.framework */; };
		5E4EA79F17544B1F00898728 /* CoreGraphics.framework in Frameworks */ = {isa = PBXBuildFile; fileRef = 5E4EA79E17544B1F00898728 /* CoreGraphics.framework */; };
		5E4EA7A517544B1F00898728 /* InfoPlist.strings in Resources */ = {isa = PBXBuildFile; fileRef = 5E4EA7A317544B1F00898728 /* InfoPlist.strings */; };
		5E4EA7A717544B1F00898728 /* main.m in Sources */ = {isa = PBXBuildFile; fileRef = 5E4EA7A617544B1F00898728 /* main.m */; };
		5E4EA7AB17544B1F00898728 /* SHAppDelegate.m in Sources */ = {isa = PBXBuildFile; fileRef = 5E4EA7AA17544B1F00898728 /* SHAppDelegate.m */; };
		5E4EA7AD17544B1F00898728 /* Default.png in Resources */ = {isa = PBXBuildFile; fileRef = 5E4EA7AC17544B1F00898728 /* Default.png */; };
		5E4EA7AF17544B1F00898728 /* Default@2x.png in Resources */ = {isa = PBXBuildFile; fileRef = 5E4EA7AE17544B1F00898728 /* Default@2x.png */; };
		5E4EA7B117544B1F00898728 /* Default-568h@2x.png in Resources */ = {isa = PBXBuildFile; fileRef = 5E4EA7B017544B1F00898728 /* Default-568h@2x.png */; };
		5E6A5F9C175476FE0080B151 /* SHTableViewController.m in Sources */ = {isa = PBXBuildFile; fileRef = 5E6A5F9B175476FE0080B151 /* SHTableViewController.m */; };
/* End PBXBuildFile section */

/* Begin PBXFileReference section */
		5E4EA79717544B1F00898728 /* testGitHub2.app */ = {isa = PBXFileReference; explicitFileType = wrapper.application; includeInIndex = 0; path = testGitHub2.app; sourceTree = BUILT_PRODUCTS_DIR; };
		5E4EA79A17544B1F00898728 /* UIKit.framework */ = {isa = PBXFileReference; lastKnownFileType = wrapper.framework; name = UIKit.framework; path = System/Library/Frameworks/UIKit.framework; sourceTree = SDKROOT; };
		5E4EA79C17544B1F00898728 /* Foundation.framework */ = {isa = PBXFileReference; lastKnownFileType = wrapper.framework; name = Foundation.framework; path = System/Library/Frameworks/Foundation.framework; sourceTree = SDKROOT; };
		5E4EA79E17544B1F00898728 /* CoreGraphics.framework */ = {isa = PBXFileReference; lastKnownFileType = wrapper.framework; name = CoreGraphics.framework; path = System/Library/Frameworks/CoreGraphics.framework; sourceTree = SDKROOT; };
		5E4EA7A217544B1F00898728 /* testGitHub2-Info.plist */ = {isa = PBXFileReference; lastKnownFileType = text.plist.xml; path = "testGitHub2-Info.plist"; sourceTree = "<group>"; };
		5E4EA7A417544B1F00898728 /* en */ = {isa = PBXFileReference; lastKnownFileType = text.plist.strings; name = en; path = en.lproj/InfoPlist.strings; sourceTree = "<group>"; };
		5E4EA7A617544B1F00898728 /* main.m */ = {isa = PBXFileReference; lastKnownFileType = sourcecode.c.objc; path = main.m; sourceTree = "<group>"; };
		5E4EA7A817544B1F00898728 /* testGitHub2-Prefix.pch */ = {isa = PBXFileReference; lastKnownFileType = sourcecode.c.h; path = "testGitHub2-Prefix.pch"; sourceTree = "<group>"; };
		5E4EA7A917544B1F00898728 /* SHAppDelegate.h */ = {isa = PBXFileReference; lastKnownFileType = sourcecode.c.h; path = SHAppDelegate.h; sourceTree = "<group>"; };
		5E4EA7AA17544B1F00898728 /* SHAppDelegate.m */ = {isa = PBXFileReference; lastKnownFileType = sourcecode.c.objc; path = SHAppDelegate.m; sourceTree = "<group>"; };
		5E4EA7AC17544B1F00898728 /* Default.png */ = {isa = PBXFileReference; lastKnownFileType = image.png; path = Default.png; sourceTree = "<group>"; };
		5E4EA7AE17544B1F00898728 /* Default@2x.png */ = {isa = PBXFileReference; lastKnownFileType = image.png; path = "Default@2x.png"; sourceTree = "<group>"; };
		5E4EA7B017544B1F00898728 /* Default-568h@2x.png */ = {isa = PBXFileReference; lastKnownFileType = image.png; path = "Default-568h@2x.png"; sourceTree = "<group>"; };
		5E6A5F9A175476FE0080B151 /* SHTableViewController.h */ = {isa = PBXFileReference; fileEncoding = 4; lastKnownFileType = sourcecode.c.h; path = SHTableViewController.h; sourceTree = "<group>"; };
		5E6A5F9B175476FE0080B151 /* SHTableViewController.m */ = {isa = PBXFileReference; fileEncoding = 4; lastKnownFileType = sourcecode.c.objc; path = SHTableViewController.m; sourceTree = "<group>"; };
/* End PBXFileReference section */

/* Begin PBXFrameworksBuildPhase section */
		5E4EA79417544B1F00898728 /* Frameworks */ = {
			isa = PBXFrameworksBuildPhase;
			buildActionMask = 2147483647;
			files = (
				5E4EA79B17544B1F00898728 /* UIKit.framework in Frameworks */,
				5E4EA79D17544B1F00898728 /* Foundation.framework in Frameworks */,
				5E4EA79F17544B1F00898728 /* CoreGraphics.framework in Frameworks */,
			);
			runOnlyForDeploymentPostprocessing = 0;
		};
/* End PBXFrameworksBuildPhase section */

/* Begin PBXGroup section */
		5E4EA78E17544B1F00898728 = {
			isa = PBXGroup;
			children = (
				5E4EA7A017544B1F00898728 /* testGitHub2 */,
				5E4EA79917544B1F00898728 /* Frameworks */,
				5E4EA79817544B1F00898728 /* Products */,
			);
			sourceTree = "<group>";
		};
		5E4EA79817544B1F00898728 /* Products */ = {
			isa = PBXGroup;
			children = (
				5E4EA79717544B1F00898728 /* testGitHub2.app */,
			);
			name = Products;
			sourceTree = "<group>";
		};
		5E4EA79917544B1F00898728 /* Frameworks */ = {
			isa = PBXGroup;
			children = (
				5E4EA79A17544B1F00898728 /* UIKit.framework */,
				5E4EA79C17544B1F00898728 /* Foundation.framework */,
				5E4EA79E17544B1F00898728 /* CoreGraphics.framework */,
			);
			name = Frameworks;
			sourceTree = "<group>";
		};
		5E4EA7A017544B1F00898728 /* testGitHub2 */ = {
			isa = PBXGroup;
			children = (
				5E6A5F9A175476FE0080B151 /* SHTableViewController.h */,
				5E6A5F9B175476FE0080B151 /* SHTableViewController.m */,
				5E4EA7A917544B1F00898728 /* SHAppDelegate.h */,
				5E4EA7AA17544B1F00898728 /* SHAppDelegate.m */,
				5E4EA7A117544B1F00898728 /* Supporting Files */,
			);
			path = testGitHub2;
			sourceTree = "<group>";
		};
		5E4EA7A117544B1F00898728 /* Supporting Files */ = {
			isa = PBXGroup;
			children = (
				5E4EA7A217544B1F00898728 /* testGitHub2-Info.plist */,
				5E4EA7A317544B1F00898728 /* InfoPlist.strings */,
				5E4EA7A617544B1F00898728 /* main.m */,
				5E4EA7A817544B1F00898728 /* testGitHub2-Prefix.pch */,
				5E4EA7AC17544B1F00898728 /* Default.png */,
				5E4EA7AE17544B1F00898728 /* Default@2x.png */,
				5E4EA7B017544B1F00898728 /* Default-568h@2x.png */,
			);
			name = "Supporting Files";
			sourceTree = "<group>";
		};
/* End PBXGroup section */

/* Begin PBXNativeTarget section */
		5E4EA79617544B1F00898728 /* testGitHub2 */ = {
			isa = PBXNativeTarget;
			buildConfigurationList = 5E4EA7B417544B1F00898728 /* Build configuration list for PBXNativeTarget "testGitHub2" */;
			buildPhases = (
				5E4EA79317544B1F00898728 /* Sources */,
				5E4EA79417544B1F00898728 /* Frameworks */,
				5E4EA79517544B1F00898728 /* Resources */,
			);
			buildRules = (
			);
			dependencies = (
			);
			name = testGitHub2;
			productName = testGitHub2;
			productReference = 5E4EA79717544B1F00898728 /* testGitHub2.app */;
			productType = "com.apple.product-type.application";
		};
/* End PBXNativeTarget section */

/* Begin PBXProject section */
		5E4EA78F17544B1F00898728 /* Project object */ = {
			isa = PBXProject;
			attributes = {
				CLASSPREFIX = SH;
				LastUpgradeCheck = 0460;
				ORGANIZATIONNAME = SH;
			};
			buildConfigurationList = 5E4EA79217544B1F00898728 /* Build configuration list for PBXProject "testGitHub2" */;
			compatibilityVersion = "Xcode 3.2";
			developmentRegion = English;
			hasScannedForEncodings = 0;
			knownRegions = (
				en,
			);
			mainGroup = 5E4EA78E17544B1F00898728;
			productRefGroup = 5E4EA79817544B1F00898728 /* Products */;
			projectDirPath = "";
			projectRoot = "";
			targets = (
				5E4EA79617544B1F00898728 /* testGitHub2 */,
			);
		};
/* End PBXProject section */

/* Begin PBXResourcesBuildPhase section */
		5E4EA79517544B1F00898728 /* Resources */ = {
			isa = PBXResourcesBuildPhase;
			buildActionMask = 2147483647;
			files = (
				5E4EA7A517544B1F00898728 /* InfoPlist.strings in Resources */,
				5E4EA7AD17544B1F00898728 /* Default.png in Resources */,
				5E4EA7AF17544B1F00898728 /* Default@2x.png in Resources */,
				5E4EA7B117544B1F00898728 /* Default-568h@2x.png in Resources */,
			);
			runOnlyForDeploymentPostprocessing = 0;
		};
/* End PBXResourcesBuildPhase section */

/* Begin PBXSourcesBuildPhase section */
		5E4EA79317544B1F00898728 /* Sources */ = {
			isa = PBXSourcesBuildPhase;
			buildActionMask = 2147483647;
			files = (
				5E4EA7A717544B1F00898728 /* main.m in Sources */,
				5E4EA7AB17544B1F00898728 /* SHAppDelegate.m in Sources */,
				5E6A5F9C175476FE0080B151 /* SHTableViewController.m in Sources */,
			);
			runOnlyForDeploymentPostprocessing = 0;
		};
/* End PBXSourcesBuildPhase section */

/* Begin PBXVariantGroup section */
		5E4EA7A317544B1F00898728 /* InfoPlist.strings */ = {
			isa = PBXVariantGroup;
			children = (
				5E4EA7A417544B1F00898728 /* en */,
			);
			name = InfoPlist.strings;
			sourceTree = "<group>";
		};
/* End PBXVariantGroup section */

/* Begin XCBuildConfiguration section */
		5E4EA7B217544B1F00898728 /* Debug */ = {
			isa = XCBuildConfiguration;
			buildSettings = {
				ALWAYS_SEARCH_USER_PATHS = NO;
				CLANG_CXX_LANGUAGE_STANDARD = "gnu++0x";
				CLANG_CXX_LIBRARY = "libc++";
				CLANG_ENABLE_OBJC_ARC = YES;
				CLANG_WARN_CONSTANT_CONVERSION = YES;
				CLANG_WARN_EMPTY_BODY = YES;
				CLANG_WARN_ENUM_CONVERSION = YES;
				CLANG_WARN_INT_CONVERSION = YES;
				CLANG_WARN__DUPLICATE_METHOD_MATCH = YES;
				"CODE_SIGN_IDENTITY[sdk=iphoneos*]" = "iPhone Developer";
				COPY_PHASE_STRIP = NO;
				GCC_C_LANGUAGE_STANDARD = gnu99;
				GCC_DYNAMIC_NO_PIC = NO;
				GCC_OPTIMIZATION_LEVEL = 0;
				GCC_PREPROCESSOR_DEFINITIONS = (
					"DEBUG=1",
					"$(inherited)",
				);
				GCC_SYMBOLS_PRIVATE_EXTERN = NO;
				GCC_WARN_ABOUT_RETURN_TYPE = YES;
				GCC_WARN_UNINITIALIZED_AUTOS = YES;
				GCC_WARN_UNUSED_VARIABLE = YES;
				IPHONEOS_DEPLOYMENT_TARGET = 6.1;
				ONLY_ACTIVE_ARCH = YES;
				SDKROOT = iphoneos;
			};
			name = Debug;
		};
		5E4EA7B317544B1F00898728 /* Release */ = {
			isa = XCBuildConfiguration;
			buildSettings = {
				ALWAYS_SEARCH_USER_PATHS = NO;
				CLANG_CXX_LANGUAGE_STANDARD = "gnu++0x";
				CLANG_CXX_LIBRARY = "libc++";
				CLANG_ENABLE_OBJC_ARC = YES;
				CLANG_WARN_CONSTANT_CONVERSION = YES;
				CLANG_WARN_EMPTY_BODY = YES;
				CLANG_WARN_ENUM_CONVERSION = YES;
				CLANG_WARN_INT_CONVERSION = YES;
				CLANG_WARN__DUPLICATE_METHOD_MATCH = YES;
				"CODE_SIGN_IDENTITY[sdk=iphoneos*]" = "iPhone Developer";
				COPY_PHASE_STRIP = YES;
				GCC_C_LANGUAGE_STANDARD = gnu99;
				GCC_WARN_ABOUT_RETURN_TYPE = YES;
				GCC_WARN_UNINITIALIZED_AUTOS = YES;
				GCC_WARN_UNUSED_VARIABLE = YES;
				IPHONEOS_DEPLOYMENT_TARGET = 6.1;
				OTHER_CFLAGS = "-DNS_BLOCK_ASSERTIONS=1";
				SDKROOT = iphoneos;
				VALIDATE_PRODUCT = YES;
			};
			name = Release;
		};
		5E4EA7B517544B1F00898728 /* Debug */ = {
			isa = XCBuildConfiguration;
			buildSettings = {
				GCC_PRECOMPILE_PREFIX_HEADER = YES;
				GCC_PREFIX_HEADER = "testGitHub2/testGitHub2-Prefix.pch";
				INFOPLIST_FILE = "testGitHub2/testGitHub2-Info.plist";
				PRODUCT_NAME = "$(TARGET_NAME)";
				WRAPPER_EXTENSION = app;
			};
			name = Debug;
		};
		5E4EA7B617544B1F00898728 /* Release */ = {
			isa = XCBuildConfiguration;
			buildSettings = {
				GCC_PRECOMPILE_PREFIX_HEADER = YES;
				GCC_PREFIX_HEADER = "testGitHub2/testGitHub2-Prefix.pch";
				INFOPLIST_FILE = "testGitHub2/testGitHub2-Info.plist";
				PRODUCT_NAME = "$(TARGET_NAME)";
				WRAPPER_EXTENSION = app;
			};
			name = Release;
		};
/* End XCBuildConfiguration section */

/* Begin XCConfigurationList section */
		5E4EA79217544B1F00898728 /* Build configuration list for PBXProject "testGitHub2" */ = {
			isa = XCConfigurationList;
			buildConfigurations = (
				5E4EA7B217544B1F00898728 /* Debug */,
				5E4EA7B317544B1F00898728 /* Release */,
			);
			defaultConfigurationIsVisible = 0;
			defaultConfigurationName = Release;
		};
		5E4EA7B417544B1F00898728 /* Build configuration list for PBXNativeTarget "testGitHub2" */ = {
			isa = XCConfigurationList;
			buildConfigurations = (
				5E4EA7B517544B1F00898728 /* Debug */,
				5E4EA7B617544B1F00898728 /* Release */,
			);
			defaultConfigurationIsVisible = 0;
			defaultConfigurationName = Release;
		};
/* End XCConfigurationList section */
	};
	rootObject = 5E4EA78F17544B1F00898728 /* Project object */;
}
